
Microsoft Visual Studio Solution File, Format Version 12.00
# Visual Studio Version 16
VisualStudioVersion = 16.0.31205.134
MinimumVisualStudioVersion = 10.0.40219.1
Project("{FAE04EC0-301F-11D3-BF4B-00C04F79EFBC}") = "TestBot DSharp", "TestBot DSharp\TestBot DSharp.csproj", "{FD24FE1E-BFF0-4E14-B255-4D4872F7A830}"
EndProject
Global
	GlobalSection(SolutionConfigurationPlatforms) = preSolution
		Debug|Any CPU = Debug|Any CPU
		Release|Any CPU = Release|Any CPU
	EndGlobalSection
	GlobalSection(ProjectConfigurationPlatforms) = postSolution
		{FD24FE1E-BFF0-4E14-B255-4D4872F7A830}.Debug|Any CPU.ActiveCfg = Debug|Any CPU
		{FD24FE1E-BFF0-4E14-B255-4D4872F7A830}.Debug|Any CPU.Build.0 = Debug|Any CPU
		{FD24FE1E-BFF0-4E14-B255-4D4872F7A830}.Release|Any CPU.ActiveCfg = Release|Any CPU
		{FD24FE1E-BFF0-4E14-B255-4D4872F7A830}.Release|Any CPU.Build.0 = Release|Any CPU
	EndGlobalSection
	GlobalSection(SolutionProperties) = preSolution
		HideSolutionNode = FALSE
	EndGlobalSection
	GlobalSection(ExtensibilityGlobals) = postSolution
		SolutionGuid = {56783866-861B-4C0B-B130-3A6BACFEE67D}
	EndGlobalSection
EndGlobal
